{
  "name": "functions",
  "version": "1.0.0",
  "lockfileVersion": 1,
  "requires": true,
  "dependencies": {
    "google-libphonenumber": {
      "version": "3.2.25",
      "resolved": "https://registry.npmjs.org/google-libphonenumber/-/google-libphonenumber-3.2.25.tgz",
      "integrity": "sha512-M/b5mij5o2aGnbe+Id9O3847jBtP0baW61foFkevxBxbuV4LH9AcujjYLd2UVkUPKVdMpKyBZxfeNwdxqobQFQ=="
    }
  }
}
